{
  "name": "build-number-incrementer",
  "version": "1.0.0",
  "lockfileVersion": 3,
  "requires": true,
  "packages": {
    "": {
      "name": "build-number-incrementer",
      "version": "1.0.0",
      "license": "MIT",
      "bin": {
        "increment-build-number": "src/increment_build_number.py"
      }
    }
  }
}
